
Microsoft Visual Studio Solution File, Format Version 12.00
# Visual Studio Version 16
VisualStudioVersion = 16.0.31402.337
MinimumVisualStudioVersion = 10.0.40219.1
Project("{FAE04EC0-301F-11D3-BF4B-00C04F79EFBC}") = "Openlog.core", "Openlog.core\Openlog.core.csproj", "{740FF255-4F1D-4959-ACAA-9028F30EB1C1}"
EndProject
Global
	GlobalSection(SolutionConfigurationPlatforms) = preSolution
		Debug|Any CPU = Debug|Any CPU
		Release|Any CPU = Release|Any CPU
	EndGlobalSection
	GlobalSection(ProjectConfigurationPlatforms) = postSolution
		{740FF255-4F1D-4959-ACAA-9028F30EB1C1}.Debug|Any CPU.ActiveCfg = Debug|Any CPU
		{740FF255-4F1D-4959-ACAA-9028F30EB1C1}.Debug|Any CPU.Build.0 = Debug|Any CPU
		{740FF255-4F1D-4959-ACAA-9028F30EB1C1}.Release|Any CPU.ActiveCfg = Release|Any CPU
		{740FF255-4F1D-4959-ACAA-9028F30EB1C1}.Release|Any CPU.Build.0 = Release|Any CPU
	EndGlobalSection
	GlobalSection(SolutionProperties) = preSolution
		HideSolutionNode = FALSE
	EndGlobalSection
	GlobalSection(ExtensibilityGlobals) = postSolution
		SolutionGuid = {2A5DAFF9-2667-4C23-B92B-FE66B4285591}
	EndGlobalSection
EndGlobal
